// !$*UTF8*$!
{
	archiveVersion = 1;
	classes = {
	};
	objectVersion = 46;
	objects = {

/* Begin PBXBuildFile section */
		C30D21491D114BC7001E7BA4 /* main.m in Sources */ = {isa = PBXBuildFile; fileRef = C30D21481D114BC7001E7BA4 /* main.m */; };
		C30D214C1D114BC7001E7BA4 /* AppDelegate.m in Sources */ = {isa = PBXBuildFile; fileRef = C30D214B1D114BC7001E7BA4 /* AppDelegate.m */; };
		C30D21541D114BC7001E7BA4 /* Assets.xcassets in Resources */ = {isa = PBXBuildFile; fileRef = C30D21531D114BC7001E7BA4 /* Assets.xcassets */; };
		C30D21571D114BC7001E7BA4 /* LaunchScreen.storyboard in Resources */ = {isa = PBXBuildFile; fileRef = C30D21551D114BC7001E7BA4 /* LaunchScreen.storyboard */; };
		C30D21621D114BC7001E7BA4 /* YJTabbarProjectTests.m in Sources */ = {isa = PBXBuildFile; fileRef = C30D21611D114BC7001E7BA4 /* YJTabbarProjectTests.m */; };
		C30D216D1D114BC7001E7BA4 /* YJTabbarProjectUITests.m in Sources */ = {isa = PBXBuildFile; fileRef = C30D216C1D114BC7001E7BA4 /* YJTabbarProjectUITests.m */; };
		C3F46CCF1D18F36F00D87D21 /* YJTabBarController.m in Sources */ = {isa = PBXBuildFile; fileRef = C3F46CCB1D18F36F00D87D21 /* YJTabBarController.m */; };
		C3F46CD01D18F36F00D87D21 /* iconView.m in Sources */ = {isa = PBXBuildFile; fileRef = C3F46CCD1D18F36F00D87D21 /* iconView.m */; };
		C3F46CD71D18F3E800D87D21 /* mainTabViewController.m in Sources */ = {isa = PBXBuildFile; fileRef = C3F46CD61D18F3E800D87D21 /* mainTabViewController.m */; };
		DC0F03C9D6614E22EC632E9A /* libPods.a in Frameworks */ = {isa = PBXBuildFile; fileRef = 402D60FD00E49E9AAC4FAD71 /* libPods.a */; };
/* End PBXBuildFile section */

/* Begin PBXContainerItemProxy section */
		C30D215E1D114BC7001E7BA4 /* PBXContainerItemProxy */ = {
			isa = PBXContainerItemProxy;
			containerPortal = C30D213C1D114BC7001E7BA4 /* Project object */;
			proxyType = 1;
			remoteGlobalIDString = C30D21431D114BC7001E7BA4;
			remoteInfo = YJTabbarProject;
		};
		C30D21691D114BC7001E7BA4 /* PBXContainerItemProxy */ = {
			isa = PBXContainerItemProxy;
			containerPortal = C30D213C1D114BC7001E7BA4 /* Project object */;
			proxyType = 1;
			remoteGlobalIDString = C30D21431D114BC7001E7BA4;
			remoteInfo = YJTabbarProject;
		};
/* End PBXContainerItemProxy section */

/* Begin PBXFileReference section */
		402D60FD00E49E9AAC4FAD71 /* libPods.a */ = {isa = PBXFileReference; explicitFileType = archive.ar; includeInIndex = 0; path = libPods.a; sourceTree = BUILT_PRODUCTS_DIR; };
		C30D21441D114BC7001E7BA4 /* YJTabbarProject.app */ = {isa = PBXFileReference; explicitFileType = wrapper.application; includeInIndex = 0; path = YJTabbarProject.app; sourceTree = BUILT_PRODUCTS_DIR; };
		C30D21481D114BC7001E7BA4 /* main.m */ = {isa = PBXFileReference; lastKnownFileType = sourcecode.c.objc; path = main.m; sourceTree = "<group>"; };
		C30D214A1D114BC7001E7BA4 /* AppDelegate.h */ = {isa = PBXFileReference; lastKnownFileType = sourcecode.c.h; path = AppDelegate.h; sourceTree = "<group>"; };
		C30D214B1D114BC7001E7BA4 /* AppDelegate.m */ = {isa = PBXFileReference; lastKnownFileType = sourcecode.c.objc; path = AppDelegate.m; sourceTree = "<group>"; };
		C30D21531D114BC7001E7BA4 /* Assets.xcassets */ = {isa = PBXFileReference; lastKnownFileType = folder.assetcatalog; path = Assets.xcassets; sourceTree = "<group>"; };
		C30D21561D114BC7001E7BA4 /* Base */ = {isa = PBXFileReference; lastKnownFileType = file.storyboard; name = Base; path = Base.lproj/LaunchScreen.storyboard; sourceTree = "<group>"; };
		C30D21581D114BC7001E7BA4 /* Info.plist */ = {isa = PBXFileReference; lastKnownFileType = text.plist.xml; path = Info.plist; sourceTree = "<group>"; };
		C30D215D1D114BC7001E7BA4 /* YJTabbarProjectTests.xctest */ = {isa = PBXFileReference; explicitFileType = wrapper.cfbundle; includeInIndex = 0; path = YJTabbarProjectTests.xctest; sourceTree = BUILT_PRODUCTS_DIR; };
		C30D21611D114BC7001E7BA4 /* YJTabbarProjectTests.m */ = {isa = PBXFileReference; lastKnownFileType = sourcecode.c.objc; path = YJTabbarProjectTests.m; sourceTree = "<group>"; };
		C30D21631D114BC7001E7BA4 /* Info.plist */ = {isa = PBXFileReference; lastKnownFileType = text.plist.xml; path = Info.plist; sourceTree = "<group>"; };
		C30D21681D114BC7001E7BA4 /* YJTabbarProjectUITests.xctest */ = {isa = PBXFileReference; explicitFileType = wrapper.cfbundle; includeInIndex = 0; path = YJTabbarProjectUITests.xctest; sourceTree = BUILT_PRODUCTS_DIR; };
		C30D216C1D114BC7001E7BA4 /* YJTabbarProjectUITests.m */ = {isa = PBXFileReference; lastKnownFileType = sourcecode.c.objc; path = YJTabbarProjectUITests.m; sourceTree = "<group>"; };
		C30D216E1D114BC7001E7BA4 /* Info.plist */ = {isa = PBXFileReference; lastKnownFileType = text.plist.xml; path = Info.plist; sourceTree = "<group>"; };
		C3F46CCB1D18F36F00D87D21 /* YJTabBarController.m */ = {isa = PBXFileReference; fileEncoding = 4; lastKnownFileType = sourcecode.c.objc; path = YJTabBarController.m; sourceTree = "<group>"; };
		C3F46CCC1D18F36F00D87D21 /* YJTabBarController.h */ = {isa = PBXFileReference; fileEncoding = 4; lastKnownFileType = sourcecode.c.h; path = YJTabBarController.h; sourceTree = "<group>"; };
		C3F46CCD1D18F36F00D87D21 /* iconView.m */ = {isa = PBXFileReference; fileEncoding = 4; lastKnownFileType = sourcecode.c.objc; path = iconView.m; sourceTree = "<group>"; };
		C3F46CCE1D18F36F00D87D21 /* iconView.h */ = {isa = PBXFileReference; fileEncoding = 4; lastKnownFileType = sourcecode.c.h; path = iconView.h; sourceTree = "<group>"; };
		C3F46CD51D18F3E800D87D21 /* mainTabViewController.h */ = {isa = PBXFileReference; fileEncoding = 4; lastKnownFileType = sourcecode.c.h; path = mainTabViewController.h; sourceTree = "<group>"; };
		C3F46CD61D18F3E800D87D21 /* mainTabViewController.m */ = {isa = PBXFileReference; fileEncoding = 4; lastKnownFileType = sourcecode.c.objc; path = mainTabViewController.m; sourceTree = "<group>"; };
		D1E53D53EBD55DE898424A2A /* Pods.debug.xcconfig */ = {isa = PBXFileReference; includeInIndex = 1; lastKnownFileType = text.xcconfig; name = Pods.debug.xcconfig; path = "Pods/Target Support Files/Pods/Pods.debug.xcconfig"; sourceTree = "<group>"; };
		F16E016817CCE52D69627897 /* Pods.release.xcconfig */ = {isa = PBXFileReference; includeInIndex = 1; lastKnownFileType = text.xcconfig; name = Pods.release.xcconfig; path = "Pods/Target Support Files/Pods/Pods.release.xcconfig"; sourceTree = "<group>"; };
/* End PBXFileReference section */

/* Begin PBXFrameworksBuildPhase section */
		C30D21411D114BC7001E7BA4 /* Frameworks */ = {
			isa = PBXFrameworksBuildPhase;
			buildActionMask = 2147483647;
			files = (
				DC0F03C9D6614E22EC632E9A /* libPods.a in Frameworks */,
			);
			runOnlyForDeploymentPostprocessing = 0;
		};
		C30D215A1D114BC7001E7BA4 /* Frameworks */ = {
			isa = PBXFrameworksBuildPhase;
			buildActionMask = 2147483647;
			files = (
			);
			runOnlyForDeploymentPostprocessing = 0;
		};
		C30D21651D114BC7001E7BA4 /* Frameworks */ = {
			isa = PBXFrameworksBuildPhase;
			buildActionMask = 2147483647;
			files = (
			);
			runOnlyForDeploymentPostprocessing = 0;
		};
/* End PBXFrameworksBuildPhase section */

/* Begin PBXGroup section */
		4556863127F864C6E24C4564 /* Frameworks */ = {
			isa = PBXGroup;
			children = (
				402D60FD00E49E9AAC4FAD71 /* libPods.a */,
			);
			name = Frameworks;
			sourceTree = "<group>";
		};
		AC107E0307D65F796C16C11D /* Pods */ = {
			isa = PBXGroup;
			children = (
				D1E53D53EBD55DE898424A2A /* Pods.debug.xcconfig */,
				F16E016817CCE52D69627897 /* Pods.release.xcconfig */,
			);
			name = Pods;
			sourceTree = "<group>";
		};
		C30D213B1D114BC7001E7BA4 = {
			isa = PBXGroup;
			children = (
				C30D21461D114BC7001E7BA4 /* YJTabbarProject */,
				C30D21601D114BC7001E7BA4 /* YJTabbarProjectTests */,
				C30D216B1D114BC7001E7BA4 /* YJTabbarProjectUITests */,
				C30D21451D114BC7001E7BA4 /* Products */,
				AC107E0307D65F796C16C11D /* Pods */,
				4556863127F864C6E24C4564 /* Frameworks */,
			);
			sourceTree = "<group>";
		};
		C30D21451D114BC7001E7BA4 /* Products */ = {
			isa = PBXGroup;
			children = (
				C30D21441D114BC7001E7BA4 /* YJTabbarProject.app */,
				C30D215D1D114BC7001E7BA4 /* YJTabbarProjectTests.xctest */,
				C30D21681D114BC7001E7BA4 /* YJTabbarProjectUITests.xctest */,
			);
			name = Products;
			sourceTree = "<group>";
		};
		C30D21461D114BC7001E7BA4 /* YJTabbarProject */ = {
			isa = PBXGroup;
			children = (
				C3F46CD11D18F37300D87D21 /* YJTabBarController */,
				C30D214A1D114BC7001E7BA4 /* AppDelegate.h */,
				C30D214B1D114BC7001E7BA4 /* AppDelegate.m */,
				C30D21531D114BC7001E7BA4 /* Assets.xcassets */,
				C30D21551D114BC7001E7BA4 /* LaunchScreen.storyboard */,
				C30D21581D114BC7001E7BA4 /* Info.plist */,
				C30D21471D114BC7001E7BA4 /* Supporting Files */,
				C3F46CD51D18F3E800D87D21 /* mainTabViewController.h */,
				C3F46CD61D18F3E800D87D21 /* mainTabViewController.m */,
			);
			path = YJTabbarProject;
			sourceTree = "<group>";
		};
		C30D21471D114BC7001E7BA4 /* Supporting Files */ = {
			isa = PBXGroup;
			children = (
				C30D21481D114BC7001E7BA4 /* main.m */,
			);
			name = "Supporting Files";
			sourceTree = "<group>";
		};
		C30D21601D114BC7001E7BA4 /* YJTabbarProjectTests */ = {
			isa = PBXGroup;
			children = (
				C30D21611D114BC7001E7BA4 /* YJTabbarProjectTests.m */,
				C30D21631D114BC7001E7BA4 /* Info.plist */,
			);
			path = YJTabbarProjectTests;
			sourceTree = "<group>";
		};
		C30D216B1D114BC7001E7BA4 /* YJTabbarProjectUITests */ = {
			isa = PBXGroup;
			children = (
				C30D216C1D114BC7001E7BA4 /* YJTabbarProjectUITests.m */,
				C30D216E1D114BC7001E7BA4 /* Info.plist */,
			);
			path = YJTabbarProjectUITests;
			sourceTree = "<group>";
		};
		C3F46CD11D18F37300D87D21 /* YJTabBarController */ = {
			isa = PBXGroup;
			children = (
				C3F46CCC1D18F36F00D87D21 /* YJTabBarController.h */,
				C3F46CCB1D18F36F00D87D21 /* YJTabBarController.m */,
				C3F46CCE1D18F36F00D87D21 /* iconView.h */,
				C3F46CCD1D18F36F00D87D21 /* iconView.m */,
			);
			name = YJTabBarController;
			sourceTree = "<group>";
		};
/* End PBXGroup section */

/* Begin PBXNativeTarget section */
		C30D21431D114BC7001E7BA4 /* YJTabbarProject */ = {
			isa = PBXNativeTarget;
			buildConfigurationList = C30D21711D114BC7001E7BA4 /* Build configuration list for PBXNativeTarget "YJTabbarProject" */;
			buildPhases = (
				03908C0F78A7A884DAFB7466 /* Check Pods Manifest.lock */,
				C30D21401D114BC7001E7BA4 /* Sources */,
				C30D21411D114BC7001E7BA4 /* Frameworks */,
				C30D21421D114BC7001E7BA4 /* Resources */,
				404A9207FF9FC239F9D649EB /* Copy Pods Resources */,
			);
			buildRules = (
			);
			dependencies = (
			);
			name = YJTabbarProject;
			productName = YJTabbarProject;
			productReference = C30D21441D114BC7001E7BA4 /* YJTabbarProject.app */;
			productType = "com.apple.product-type.application";
		};
		C30D215C1D114BC7001E7BA4 /* YJTabbarProjectTests */ = {
			isa = PBXNativeTarget;
			buildConfigurationList = C30D21741D114BC7001E7BA4 /* Build configuration list for PBXNativeTarget "YJTabbarProjectTests" */;
			buildPhases = (
				C30D21591D114BC7001E7BA4 /* Sources */,
				C30D215A1D114BC7001E7BA4 /* Frameworks */,
				C30D215B1D114BC7001E7BA4 /* Resources */,
			);
			buildRules = (
			);
			dependencies = (
				C30D215F1D114BC7001E7BA4 /* PBXTargetDependency */,
			);
			name = YJTabbarProjectTests;
			productName = YJTabbarProjectTests;
			productReference = C30D215D1D114BC7001E7BA4 /* YJTabbarProjectTests.xctest */;
			productType = "com.apple.product-type.bundle.unit-test";
		};
		C30D21671D114BC7001E7BA4 /* YJTabbarProjectUITests */ = {
			isa = PBXNativeTarget;
			buildConfigurationList = C30D21771D114BC7001E7BA4 /* Build configuration list for PBXNativeTarget "YJTabbarProjectUITests" */;
			buildPhases = (
				C30D21641D114BC7001E7BA4 /* Sources */,
				C30D21651D114BC7001E7BA4 /* Frameworks */,
				C30D21661D114BC7001E7BA4 /* Resources */,
			);
			buildRules = (
			);
			dependencies = (
				C30D216A1D114BC7001E7BA4 /* PBXTargetDependency */,
			);
			name = YJTabbarProjectUITests;
			productName = YJTabbarProjectUITests;
			productReference = C30D21681D114BC7001E7BA4 /* YJTabbarProjectUITests.xctest */;
			productType = "com.apple.product-type.bundle.ui-testing";
		};
/* End PBXNativeTarget section */

/* Begin PBXProject section */
		C30D213C1D114BC7001E7BA4 /* Project object */ = {
			isa = PBXProject;
			attributes = {
				LastUpgradeCheck = 0720;
				ORGANIZATIONNAME = YuJay;
				TargetAttributes = {
					C30D21431D114BC7001E7BA4 = {
						CreatedOnToolsVersion = 7.2;
					};
					C30D215C1D114BC7001E7BA4 = {
						CreatedOnToolsVersion = 7.2;
						TestTargetID = C30D21431D114BC7001E7BA4;
					};
					C30D21671D114BC7001E7BA4 = {
						CreatedOnToolsVersion = 7.2;
						TestTargetID = C30D21431D114BC7001E7BA4;
					};
				};
			};
			buildConfigurationList = C30D213F1D114BC7001E7BA4 /* Build configuration list for PBXProject "YJTabbarProject" */;
			compatibilityVersion = "Xcode 3.2";
			developmentRegion = English;
			hasScannedForEncodings = 0;
			knownRegions = (
				en,
				Base,
			);
			mainGroup = C30D213B1D114BC7001E7BA4;
			productRefGroup = C30D21451D114BC7001E7BA4 /* Products */;
			projectDirPath = "";
			projectRoot = "";
			targets = (
				C30D21431D114BC7001E7BA4 /* YJTabbarProject */,
				C30D215C1D114BC7001E7BA4 /* YJTabbarProjectTests */,
				C30D21671D114BC7001E7BA4 /* YJTabbarProjectUITests */,
			);
		};
/* End PBXProject section */

/* Begin PBXResourcesBuildPhase section */
		C30D21421D114BC7001E7BA4 /* Resources */ = {
			isa = PBXResourcesBuildPhase;
			buildActionMask = 2147483647;
			files = (
				C30D21571D114BC7001E7BA4 /* LaunchScreen.storyboard in Resources */,
				C30D21541D114BC7001E7BA4 /* Assets.xcassets in Resources */,
			);
			runOnlyForDeploymentPostprocessing = 0;
		};
		C30D215B1D114BC7001E7BA4 /* Resources */ = {
			isa = PBXResourcesBuildPhase;
			buildActionMask = 2147483647;
			files = (
			);
			runOnlyForDeploymentPostprocessing = 0;
		};
		C30D21661D114BC7001E7BA4 /* Resources */ = {
			isa = PBXResourcesBuildPhase;
			buildActionMask = 2147483647;
			files = (
			);
			runOnlyForDeploymentPostprocessing = 0;
		};
/* End PBXResourcesBuildPhase section */

/* Begin PBXShellScriptBuildPhase section */
		03908C0F78A7A884DAFB7466 /* Check Pods Manifest.lock */ = {
			isa = PBXShellScriptBuildPhase;
			buildActionMask = 2147483647;
			files = (
			);
			inputPaths = (
			);
			name = "Check Pods Manifest.lock";
			outputPaths = (
			);
			runOnlyForDeploymentPostprocessing = 0;
			shellPath = /bin/sh;
			shellScript = "diff \"${PODS_ROOT}/../Podfile.lock\" \"${PODS_ROOT}/Manifest.lock\" > /dev/null\nif [[ $? != 0 ]] ; then\n    cat << EOM\nerror: The sandbox is not in sync with the Podfile.lock. Run 'pod install' or update your CocoaPods installation.\nEOM\n    exit 1\nfi\n";
			showEnvVarsInLog = 0;
		};
		404A9207FF9FC239F9D649EB /* Copy Pods Resources */ = {
			isa = PBXShellScriptBuildPhase;
			buildActionMask = 2147483647;
			files = (
			);
			inputPaths = (
			);
			name = "Copy Pods Resources";
			outputPaths = (
			);
			runOnlyForDeploymentPostprocessing = 0;
			shellPath = /bin/sh;
			shellScript = "\"${SRCROOT}/Pods/Target Support Files/Pods/Pods-resources.sh\"\n";
			showEnvVarsInLog = 0;
		};
/* End PBXShellScriptBuildPhase section */

/* Begin PBXSourcesBuildPhase section */
		C30D21401D114BC7001E7BA4 /* Sources */ = {
			isa = PBXSourcesBuildPhase;
			buildActionMask = 2147483647;
			files = (
				C30D214C1D114BC7001E7BA4 /* AppDelegate.m in Sources */,
				C3F46CD01D18F36F00D87D21 /* iconView.m in Sources */,
				C30D21491D114BC7001E7BA4 /* main.m in Sources */,
				C3F46CCF1D18F36F00D87D21 /* YJTabBarController.m in Sources */,
				C3F46CD71D18F3E800D87D21 /* mainTabViewController.m in Sources */,
			);
			runOnlyForDeploymentPostprocessing = 0;
		};
		C30D21591D114BC7001E7BA4 /* Sources */ = {
			isa = PBXSourcesBuildPhase;
			buildActionMask = 2147483647;
			files = (
				C30D21621D114BC7001E7BA4 /* YJTabbarProjectTests.m in Sources */,
			);
			runOnlyForDeploymentPostprocessing = 0;
		};
		C30D21641D114BC7001E7BA4 /* Sources */ = {
			isa = PBXSourcesBuildPhase;
			buildActionMask = 2147483647;
			files = (
				C30D216D1D114BC7001E7BA4 /* YJTabbarProjectUITests.m in Sources */,
			);
			runOnlyForDeploymentPostprocessing = 0;
		};
/* End PBXSourcesBuildPhase section */

/* Begin PBXTargetDependency section */
		C30D215F1D114BC7001E7BA4 /* PBXTargetDependency */ = {
			isa = PBXTargetDependency;
			target = C30D21431D114BC7001E7BA4 /* YJTabbarProject */;
			targetProxy = C30D215E1D114BC7001E7BA4 /* PBXContainerItemProxy */;
		};
		C30D216A1D114BC7001E7BA4 /* PBXTargetDependency */ = {
			isa = PBXTargetDependency;
			target = C30D21431D114BC7001E7BA4 /* YJTabbarProject */;
			targetProxy = C30D21691D114BC7001E7BA4 /* PBXContainerItemProxy */;
		};
/* End PBXTargetDependency section */

/* Begin PBXVariantGroup section */
		C30D21551D114BC7001E7BA4 /* LaunchScreen.storyboard */ = {
			isa = PBXVariantGroup;
			children = (
				C30D21561D114BC7001E7BA4 /* Base */,
			);
			name = LaunchScreen.storyboard;
			sourceTree = "<group>";
		};
/* End PBXVariantGroup section */

/* Begin XCBuildConfiguration section */
		C30D216F1D114BC7001E7BA4 /* Debug */ = {
			isa = XCBuildConfiguration;
			buildSettings = {
				ALWAYS_SEARCH_USER_PATHS = NO;
				CLANG_CXX_LANGUAGE_STANDARD = "gnu++0x";
				CLANG_CXX_LIBRARY = "libc++";
				CLANG_ENABLE_MODULES = YES;
				CLANG_ENABLE_OBJC_ARC = YES;
				CLANG_WARN_BOOL_CONVERSION = YES;
				CLANG_WARN_CONSTANT_CONVERSION = YES;
				CLANG_WARN_DIRECT_OBJC_ISA_USAGE = YES_ERROR;
				CLANG_WARN_EMPTY_BODY = YES;
				CLANG_WARN_ENUM_CONVERSION = YES;
				CLANG_WARN_INT_CONVERSION = YES;
				CLANG_WARN_OBJC_ROOT_CLASS = YES_ERROR;
				CLANG_WARN_UNREACHABLE_CODE = YES;
				CLANG_WARN__DUPLICATE_METHOD_MATCH = YES;
				"CODE_SIGN_IDENTITY[sdk=iphoneos*]" = "iPhone Developer";
				COPY_PHASE_STRIP = NO;
				DEBUG_INFORMATION_FORMAT = dwarf;
				ENABLE_STRICT_OBJC_MSGSEND = YES;
				ENABLE_TESTABILITY = YES;
				GCC_C_LANGUAGE_STANDARD = gnu99;
				GCC_DYNAMIC_NO_PIC = NO;
				GCC_NO_COMMON_BLOCKS = YES;
				GCC_OPTIMIZATION_LEVEL = 0;
				GCC_PREPROCESSOR_DEFINITIONS = (
					"DEBUG=1",
					"$(inherited)",
				);
				GCC_WARN_64_TO_32_BIT_CONVERSION = YES;
				GCC_WARN_ABOUT_RETURN_TYPE = YES_ERROR;
				GCC_WARN_UNDECLARED_SELECTOR = YES;
				GCC_WARN_UNINITIALIZED_AUTOS = YES_AGGRESSIVE;
				GCC_WARN_UNUSED_FUNCTION = YES;
				GCC_WARN_UNUSED_VARIABLE = YES;
				IPHONEOS_DEPLOYMENT_TARGET = 9.2;
				MTL_ENABLE_DEBUG_INFO = YES;
				ONLY_ACTIVE_ARCH = YES;
				SDKROOT = iphoneos;
				TARGETED_DEVICE_FAMILY = "1,2";
			};
			name = Debug;
		};
		C30D21701D114BC7001E7BA4 /* Release */ = {
			isa = XCBuildConfiguration;
			buildSettings = {
				ALWAYS_SEARCH_USER_PATHS = NO;
				CLANG_CXX_LANGUAGE_STANDARD = "gnu++0x";
				CLANG_CXX_LIBRARY = "libc++";
				CLANG_ENABLE_MODULES = YES;
				CLANG_ENABLE_OBJC_ARC = YES;
				CLANG_WARN_BOOL_CONVERSION = YES;
				CLANG_WARN_CONSTANT_CONVERSION = YES;
				CLANG_WARN_DIRECT_OBJC_ISA_USAGE = YES_ERROR;
				CLANG_WARN_EMPTY_BODY = YES;
				CLANG_WARN_ENUM_CONVERSION = YES;
				CLANG_WARN_INT_CONVERSION = YES;
				CLANG_WARN_OBJC_ROOT_CLASS = YES_ERROR;
				CLANG_WARN_UNREACHABLE_CODE = YES;
				CLANG_WARN__DUPLICATE_METHOD_MATCH = YES;
				"CODE_SIGN_IDENTITY[sdk=iphoneos*]" = "iPhone Developer";
				COPY_PHASE_STRIP = NO;
				DEBUG_INFORMATION_FORMAT = "dwarf-with-dsym";
				ENABLE_NS_ASSERTIONS = NO;
				ENABLE_STRICT_OBJC_MSGSEND = YES;
				GCC_C_LANGUAGE_STANDARD = gnu99;
				GCC_NO_COMMON_BLOCKS = YES;
				GCC_WARN_64_TO_32_BIT_CONVERSION = YES;
				GCC_WARN_ABOUT_RETURN_TYPE = YES_ERROR;
				GCC_WARN_UNDECLARED_SELECTOR = YES;
				GCC_WARN_UNINITIALIZED_AUTOS = YES_AGGRESSIVE;
				GCC_WARN_UNUSED_FUNCTION = YES;
				GCC_WARN_UNUSED_VARIABLE = YES;
				IPHONEOS_DEPLOYMENT_TARGET = 9.2;
				MTL_ENABLE_DEBUG_INFO = NO;
				SDKROOT = iphoneos;
				TARGETED_DEVICE_FAMILY = "1,2";
				VALIDATE_PRODUCT = YES;
			};
			name = Release;
		};
		C30D21721D114BC7001E7BA4 /* Debug */ = {
			isa = XCBuildConfiguration;
			baseConfigurationReference = D1E53D53EBD55DE898424A2A /* Pods.debug.xcconfig */;
			buildSettings = {
				ASSETCATALOG_COMPILER_APPICON_NAME = AppIcon;
				INFOPLIST_FILE = YJTabbarProject/Info.plist;
				LD_RUNPATH_SEARCH_PATHS = "$(inherited) @executable_path/Frameworks";
				PRODUCT_BUNDLE_IDENTIFIER = YuJay.YJTabbarProject;
				PRODUCT_NAME = "$(TARGET_NAME)";
			};
			name = Debug;
		};
		C30D21731D114BC7001E7BA4 /* Release */ = {
			isa = XCBuildConfiguration;
			baseConfigurationReference = F16E016817CCE52D69627897 /* Pods.release.xcconfig */;
			buildSettings = {
				ASSETCATALOG_COMPILER_APPICON_NAME = AppIcon;
				INFOPLIST_FILE = YJTabbarProject/Info.plist;
				LD_RUNPATH_SEARCH_PATHS = "$(inherited) @executable_path/Frameworks";
				PRODUCT_BUNDLE_IDENTIFIER = YuJay.YJTabbarProject;
				PRODUCT_NAME = "$(TARGET_NAME)";
			};
			name = Release;
		};
		C30D21751D114BC7001E7BA4 /* Debug */ = {
			isa = XCBuildConfiguration;
			buildSettings = {
				BUNDLE_LOADER = "$(TEST_HOST)";
				INFOPLIST_FILE = YJTabbarProjectTests/Info.plist;
				LD_RUNPATH_SEARCH_PATHS = "$(inherited) @executable_path/Frameworks @loader_path/Frameworks";
				PRODUCT_BUNDLE_IDENTIFIER = YuJay.YJTabbarProjectTests;
				PRODUCT_NAME = "$(TARGET_NAME)";
				TEST_HOST = "$(BUILT_PRODUCTS_DIR)/YJTabbarProject.app/YJTabbarProject";
			};
			name = Debug;
		};
		C30D21761D114BC7001E7BA4 /* Release */ = {
			isa = XCBuildConfiguration;
			buildSettings = {
				BUNDLE_LOADER = "$(TEST_HOST)";
				INFOPLIST_FILE = YJTabbarProjectTests/Info.plist;
				LD_RUNPATH_SEARCH_PATHS = "$(inherited) @executable_path/Frameworks @loader_path/Frameworks";
				PRODUCT_BUNDLE_IDENTIFIER = YuJay.YJTabbarProjectTests;
				PRODUCT_NAME = "$(TARGET_NAME)";
				TEST_HOST = "$(BUILT_PRODUCTS_DIR)/YJTabbarProject.app/YJTabbarProject";
			};
			name = Release;
		};
		C30D21781D114BC7001E7BA4 /* Debug */ = {
			isa = XCBuildConfiguration;
			buildSettings = {
				INFOPLIST_FILE = YJTabbarProjectUITests/Info.plist;
				LD_RUNPATH_SEARCH_PATHS = "$(inherited) @executable_path/Frameworks @loader_path/Frameworks";
				PRODUCT_BUNDLE_IDENTIFIER = YuJay.YJTabbarProjectUITests;
				PRODUCT_NAME = "$(TARGET_NAME)";
				TEST_TARGET_NAME = YJTabbarProject;
				USES_XCTRUNNER = YES;
			};
			name = Debug;
		};
		C30D21791D114BC7001E7BA4 /* Release */ = {
			isa = XCBuildConfiguration;
			buildSettings = {
				INFOPLIST_FILE = YJTabbarProjectUITests/Info.plist;
				LD_RUNPATH_SEARCH_PATHS = "$(inherited) @executable_path/Frameworks @loader_path/Frameworks";
				PRODUCT_BUNDLE_IDENTIFIER = YuJay.YJTabbarProjectUITests;
				PRODUCT_NAME = "$(TARGET_NAME)";
				TEST_TARGET_NAME = YJTabbarProject;
				USES_XCTRUNNER = YES;
			};
			name = Release;
		};
/* End XCBuildConfiguration section */

/* Begin XCConfigurationList section */
		C30D213F1D114BC7001E7BA4 /* Build configuration list for PBXProject "YJTabbarProject" */ = {
			isa = XCConfigurationList;
			buildConfigurations = (
				C30D216F1D114BC7001E7BA4 /* Debug */,
				C30D21701D114BC7001E7BA4 /* Release */,
			);
			defaultConfigurationIsVisible = 0;
			defaultConfigurationName = Release;
		};
		C30D21711D114BC7001E7BA4 /* Build configuration list for PBXNativeTarget "YJTabbarProject" */ = {
			isa = XCConfigurationList;
			buildConfigurations = (
				C30D21721D114BC7001E7BA4 /* Debug */,
				C30D21731D114BC7001E7BA4 /* Release */,
			);
			defaultConfigurationIsVisible = 0;
			defaultConfigurationName = Release;
		};
		C30D21741D114BC7001E7BA4 /* Build configuration list for PBXNativeTarget "YJTabbarProjectTests" */ = {
			isa = XCConfigurationList;
			buildConfigurations = (
				C30D21751D114BC7001E7BA4 /* Debug */,
				C30D21761D114BC7001E7BA4 /* Release */,
			);
			defaultConfigurationIsVisible = 0;
			defaultConfigurationName = Release;
		};
		C30D21771D114BC7001E7BA4 /* Build configuration list for PBXNativeTarget "YJTabbarProjectUITests" */ = {
			isa = XCConfigurationList;
			buildConfigurations = (
				C30D21781D114BC7001E7BA4 /* Debug */,
				C30D21791D114BC7001E7BA4 /* Release */,
			);
			defaultConfigurationIsVisible = 0;
			defaultConfigurationName = Release;
		};
/* End XCConfigurationList section */
	};
	rootObject = C30D213C1D114BC7001E7BA4 /* Project object */;
}
